
Microsoft Visual Studio Solution File, Format Version 12.00
# Visual Studio Version 16
VisualStudioVersion = 16.0.30717.126
MinimumVisualStudioVersion = 10.0.40219.1
Project("{FAE04EC0-301F-11D3-BF4B-00C04F79EFBC}") = "SmartImageForm_v1", "SmartImageForm_v1.csproj", "{E1B62F5B-ACBB-4AA1-AD46-8175C125D20B}"
EndProject
Global
	GlobalSection(SolutionConfigurationPlatforms) = preSolution
		Debug|Any CPU = Debug|Any CPU
		Release|Any CPU = Release|Any CPU
	EndGlobalSection
	GlobalSection(ProjectConfigurationPlatforms) = postSolution
		{E1B62F5B-ACBB-4AA1-AD46-8175C125D20B}.Debug|Any CPU.ActiveCfg = Debug|Any CPU
		{E1B62F5B-ACBB-4AA1-AD46-8175C125D20B}.Debug|Any CPU.Build.0 = Debug|Any CPU
		{E1B62F5B-ACBB-4AA1-AD46-8175C125D20B}.Release|Any CPU.ActiveCfg = Release|Any CPU
		{E1B62F5B-ACBB-4AA1-AD46-8175C125D20B}.Release|Any CPU.Build.0 = Release|Any CPU
	EndGlobalSection
	GlobalSection(SolutionProperties) = preSolution
		HideSolutionNode = FALSE
	EndGlobalSection
	GlobalSection(ExtensibilityGlobals) = postSolution
		SolutionGuid = {0FAE84C4-2CA6-47BF-8B55-0F74E1629EAA}
	EndGlobalSection
EndGlobal
